
Microsoft Visual Studio Solution File, Format Version 12.00
# Visual Studio Version 17
VisualStudioVersion = 17.4.33122.133
MinimumVisualStudioVersion = 10.0.40219.1
Project("{FAE04EC0-301F-11D3-BF4B-00C04F79EFBC}") = "HW5-ShayanMadahi-m97", "HW5-ShayanMadahi-m97\HW5-ShayanMadahi-m97.csproj", "{D5577A26-FD20-47D4-9EE4-097249FBFE53}"
EndProject
Global
	GlobalSection(SolutionConfigurationPlatforms) = preSolution
		Debug|Any CPU = Debug|Any CPU
		Release|Any CPU = Release|Any CPU
	EndGlobalSection
	GlobalSection(ProjectConfigurationPlatforms) = postSolution
		{D5577A26-FD20-47D4-9EE4-097249FBFE53}.Debug|Any CPU.ActiveCfg = Debug|Any CPU
		{D5577A26-FD20-47D4-9EE4-097249FBFE53}.Debug|Any CPU.Build.0 = Debug|Any CPU
		{D5577A26-FD20-47D4-9EE4-097249FBFE53}.Release|Any CPU.ActiveCfg = Release|Any CPU
		{D5577A26-FD20-47D4-9EE4-097249FBFE53}.Release|Any CPU.Build.0 = Release|Any CPU
	EndGlobalSection
	GlobalSection(SolutionProperties) = preSolution
		HideSolutionNode = FALSE
	EndGlobalSection
	GlobalSection(ExtensibilityGlobals) = postSolution
		SolutionGuid = {B2FFFFA8-A953-4731-B4E7-2FE0D3F2FD4E}
	EndGlobalSection
EndGlobal
